
Microsoft Visual Studio Solution File, Format Version 12.00
# Visual Studio 2012
Project("{2150E333-8FDC-42A3-9474-1A3956D46DE8}") = "Source", "Source", "{9C349C3C-D9AD-4AF1-B468-D27ABF47456D}"
EndProject
Project("{2150E333-8FDC-42A3-9474-1A3956D46DE8}") = "Tests", "Tests", "{D72C066E-271C-4BED-B5A0-C9C9142A49B2}"
EndProject
Project("{2150E333-8FDC-42A3-9474-1A3956D46DE8}") = ".nuget", ".nuget", "{76D96A12-C483-4258-B073-BB96256DD97F}"
	ProjectSection(SolutionItems) = preProject
		.nuget\NuGet.Config = .nuget\NuGet.Config
		.nuget\NuGet.exe = .nuget\NuGet.exe
		.nuget\NuGet.targets = .nuget\NuGet.targets
	EndProjectSection
EndProject
Project("{FAE04EC0-301F-11D3-BF4B-00C04F79EFBC}") = "DemoClient", "Source\DemoClient\DemoClient.csproj", "{626CE984-7B7D-4150-A18D-BAE16AA922E8}"
EndProject
Project("{FAE04EC0-301F-11D3-BF4B-00C04F79EFBC}") = "ContentPublishingService", "Source\ContentPublishingService\ContentPublishingService.csproj", "{5ADAA844-823B-4043-95F6-1A77FDDD920D}"
EndProject
Project("{FAE04EC0-301F-11D3-BF4B-00C04F79EFBC}") = "FacebookEndpoint", "Source\FacebookEndpoint\FacebookEndpoint.csproj", "{AE4B064B-AF35-473B-9A1C-4AB5FE550C78}"
EndProject
Project("{FAE04EC0-301F-11D3-BF4B-00C04F79EFBC}") = "Commands", "Source\Commands\Commands.csproj", "{5B154338-91DB-4212-BA0F-9CDE64B19189}"
EndProject
Project("{FAE04EC0-301F-11D3-BF4B-00C04F79EFBC}") = "ContentPublishingService.Tests", "Tests\PostSchedulingComponent.Tests\ContentPublishingService.Tests.csproj", "{D8206456-B134-4A58-BD47-9F66D788F4F2}"
EndProject
Project("{FAE04EC0-301F-11D3-BF4B-00C04F79EFBC}") = "Messages", "Source\Messages\Messages.csproj", "{BEFF1FB7-25CF-42E5-9D8A-C5873A03FF64}"
EndProject
Project("{FAE04EC0-301F-11D3-BF4B-00C04F79EFBC}") = "Events", "Source\Events\Events.csproj", "{FAB2B6F6-9EE6-4DE5-8859-DD6B35DEE016}"
EndProject
Project("{FAE04EC0-301F-11D3-BF4B-00C04F79EFBC}") = "SystemAuditor", "Source\SystemAuditor\SystemAuditor.csproj", "{12AB141E-71F8-4E11-A0F5-DD1D10412286}"
EndProject
Project("{FAE04EC0-301F-11D3-BF4B-00C04F79EFBC}") = "BillingService", "Source\BillingService\BillingService.csproj", "{2A47F91D-9B5B-4745-BF7A-B14FFE6A33D4}"
EndProject
Global
	GlobalSection(SolutionConfigurationPlatforms) = preSolution
		Debug|Any CPU = Debug|Any CPU
		Release|Any CPU = Release|Any CPU
	EndGlobalSection
	GlobalSection(ProjectConfigurationPlatforms) = postSolution
		{626CE984-7B7D-4150-A18D-BAE16AA922E8}.Debug|Any CPU.ActiveCfg = Debug|Any CPU
		{626CE984-7B7D-4150-A18D-BAE16AA922E8}.Debug|Any CPU.Build.0 = Debug|Any CPU
		{626CE984-7B7D-4150-A18D-BAE16AA922E8}.Release|Any CPU.ActiveCfg = Release|Any CPU
		{626CE984-7B7D-4150-A18D-BAE16AA922E8}.Release|Any CPU.Build.0 = Release|Any CPU
		{5ADAA844-823B-4043-95F6-1A77FDDD920D}.Debug|Any CPU.ActiveCfg = Debug|Any CPU
		{5ADAA844-823B-4043-95F6-1A77FDDD920D}.Debug|Any CPU.Build.0 = Debug|Any CPU
		{5ADAA844-823B-4043-95F6-1A77FDDD920D}.Release|Any CPU.ActiveCfg = Release|Any CPU
		{5ADAA844-823B-4043-95F6-1A77FDDD920D}.Release|Any CPU.Build.0 = Release|Any CPU
		{AE4B064B-AF35-473B-9A1C-4AB5FE550C78}.Debug|Any CPU.ActiveCfg = Debug|Any CPU
		{AE4B064B-AF35-473B-9A1C-4AB5FE550C78}.Debug|Any CPU.Build.0 = Debug|Any CPU
		{AE4B064B-AF35-473B-9A1C-4AB5FE550C78}.Release|Any CPU.ActiveCfg = Release|Any CPU
		{AE4B064B-AF35-473B-9A1C-4AB5FE550C78}.Release|Any CPU.Build.0 = Release|Any CPU
		{5B154338-91DB-4212-BA0F-9CDE64B19189}.Debug|Any CPU.ActiveCfg = Debug|Any CPU
		{5B154338-91DB-4212-BA0F-9CDE64B19189}.Debug|Any CPU.Build.0 = Debug|Any CPU
		{5B154338-91DB-4212-BA0F-9CDE64B19189}.Release|Any CPU.ActiveCfg = Release|Any CPU
		{5B154338-91DB-4212-BA0F-9CDE64B19189}.Release|Any CPU.Build.0 = Release|Any CPU
		{D8206456-B134-4A58-BD47-9F66D788F4F2}.Debug|Any CPU.ActiveCfg = Debug|Any CPU
		{D8206456-B134-4A58-BD47-9F66D788F4F2}.Debug|Any CPU.Build.0 = Debug|Any CPU
		{D8206456-B134-4A58-BD47-9F66D788F4F2}.Release|Any CPU.ActiveCfg = Release|Any CPU
		{D8206456-B134-4A58-BD47-9F66D788F4F2}.Release|Any CPU.Build.0 = Release|Any CPU
		{BEFF1FB7-25CF-42E5-9D8A-C5873A03FF64}.Debug|Any CPU.ActiveCfg = Debug|Any CPU
		{BEFF1FB7-25CF-42E5-9D8A-C5873A03FF64}.Debug|Any CPU.Build.0 = Debug|Any CPU
		{BEFF1FB7-25CF-42E5-9D8A-C5873A03FF64}.Release|Any CPU.ActiveCfg = Release|Any CPU
		{BEFF1FB7-25CF-42E5-9D8A-C5873A03FF64}.Release|Any CPU.Build.0 = Release|Any CPU
		{FAB2B6F6-9EE6-4DE5-8859-DD6B35DEE016}.Debug|Any CPU.ActiveCfg = Debug|Any CPU
		{FAB2B6F6-9EE6-4DE5-8859-DD6B35DEE016}.Debug|Any CPU.Build.0 = Debug|Any CPU
		{FAB2B6F6-9EE6-4DE5-8859-DD6B35DEE016}.Release|Any CPU.ActiveCfg = Release|Any CPU
		{FAB2B6F6-9EE6-4DE5-8859-DD6B35DEE016}.Release|Any CPU.Build.0 = Release|Any CPU
		{12AB141E-71F8-4E11-A0F5-DD1D10412286}.Debug|Any CPU.ActiveCfg = Debug|Any CPU
		{12AB141E-71F8-4E11-A0F5-DD1D10412286}.Debug|Any CPU.Build.0 = Debug|Any CPU
		{12AB141E-71F8-4E11-A0F5-DD1D10412286}.Release|Any CPU.ActiveCfg = Release|Any CPU
		{12AB141E-71F8-4E11-A0F5-DD1D10412286}.Release|Any CPU.Build.0 = Release|Any CPU
		{2A47F91D-9B5B-4745-BF7A-B14FFE6A33D4}.Debug|Any CPU.ActiveCfg = Debug|Any CPU
		{2A47F91D-9B5B-4745-BF7A-B14FFE6A33D4}.Debug|Any CPU.Build.0 = Debug|Any CPU
		{2A47F91D-9B5B-4745-BF7A-B14FFE6A33D4}.Release|Any CPU.ActiveCfg = Release|Any CPU
		{2A47F91D-9B5B-4745-BF7A-B14FFE6A33D4}.Release|Any CPU.Build.0 = Release|Any CPU
	EndGlobalSection
	GlobalSection(SolutionProperties) = preSolution
		HideSolutionNode = FALSE
	EndGlobalSection
	GlobalSection(NestedProjects) = preSolution
		{626CE984-7B7D-4150-A18D-BAE16AA922E8} = {9C349C3C-D9AD-4AF1-B468-D27ABF47456D}
		{5ADAA844-823B-4043-95F6-1A77FDDD920D} = {9C349C3C-D9AD-4AF1-B468-D27ABF47456D}
		{AE4B064B-AF35-473B-9A1C-4AB5FE550C78} = {9C349C3C-D9AD-4AF1-B468-D27ABF47456D}
		{5B154338-91DB-4212-BA0F-9CDE64B19189} = {9C349C3C-D9AD-4AF1-B468-D27ABF47456D}
		{BEFF1FB7-25CF-42E5-9D8A-C5873A03FF64} = {9C349C3C-D9AD-4AF1-B468-D27ABF47456D}
		{FAB2B6F6-9EE6-4DE5-8859-DD6B35DEE016} = {9C349C3C-D9AD-4AF1-B468-D27ABF47456D}
		{12AB141E-71F8-4E11-A0F5-DD1D10412286} = {9C349C3C-D9AD-4AF1-B468-D27ABF47456D}
		{2A47F91D-9B5B-4745-BF7A-B14FFE6A33D4} = {9C349C3C-D9AD-4AF1-B468-D27ABF47456D}
		{D8206456-B134-4A58-BD47-9F66D788F4F2} = {D72C066E-271C-4BED-B5A0-C9C9142A49B2}
	EndGlobalSection
EndGlobal
